
Microsoft Visual Studio Solution File, Format Version 12.00
# Visual Studio Version 17
VisualStudioVersion = 17.0.31903.59
MinimumVisualStudioVersion = 10.0.40219.1
Project("{2150E333-8FDC-42A3-9474-1A3956D46DE8}") = ".paket", ".paket", "{E662FF2D-A110-4D43-B348-D50862299D42}"
	ProjectSection(SolutionItems) = preProject
		paket.dependencies = paket.dependencies
	EndProjectSection
EndProject
Project("{F2A71F9B-5D33-465A-A702-920D77279786}") = "AOC2023", "AOC2023\AOC2023.fsproj", "{52501CFD-60F6-4466-9219-B660A8F63624}"
EndProject
Project("{F2A71F9B-5D33-465A-A702-920D77279786}") = "AOCTests", "AOCTests\AOCTests.fsproj", "{CE911451-9179-4942-A7A6-1FE5936D7624}"
EndProject
Global
	GlobalSection(SolutionConfigurationPlatforms) = preSolution
		Debug|Any CPU = Debug|Any CPU
		Release|Any CPU = Release|Any CPU
	EndGlobalSection
	GlobalSection(SolutionProperties) = preSolution
		HideSolutionNode = FALSE
	EndGlobalSection
	GlobalSection(ProjectConfigurationPlatforms) = postSolution
		{52501CFD-60F6-4466-9219-B660A8F63624}.Debug|Any CPU.ActiveCfg = Debug|Any CPU
		{52501CFD-60F6-4466-9219-B660A8F63624}.Debug|Any CPU.Build.0 = Debug|Any CPU
		{52501CFD-60F6-4466-9219-B660A8F63624}.Release|Any CPU.ActiveCfg = Release|Any CPU
		{52501CFD-60F6-4466-9219-B660A8F63624}.Release|Any CPU.Build.0 = Release|Any CPU
		{CE911451-9179-4942-A7A6-1FE5936D7624}.Debug|Any CPU.ActiveCfg = Debug|Any CPU
		{CE911451-9179-4942-A7A6-1FE5936D7624}.Debug|Any CPU.Build.0 = Debug|Any CPU
		{CE911451-9179-4942-A7A6-1FE5936D7624}.Release|Any CPU.ActiveCfg = Release|Any CPU
		{CE911451-9179-4942-A7A6-1FE5936D7624}.Release|Any CPU.Build.0 = Release|Any CPU
	EndGlobalSection
EndGlobal
